<Solution>
  <Folder Name="/Элементы решения/">
    <File Path="README.md" />
  </Folder>
  <Project Path="UnitTestProject/UnitTestProject.csproj" Id="9a15766d-1d51-4439-b3b6-92c5b112742b" />
  <Project Path="Практическая работа 4 Кузнецов_Кузьмин/Практическая работа 4 Кузнецов_Кузьмин.csproj" Id="c315ca0b-6a5e-42c1-a8a2-62b2339630a0" />
</Solution>
